
Microsoft Visual Studio Solution File, Format Version 12.00
# Visual Studio Version 16
VisualStudioVersion = 16.0.32510.428
MinimumVisualStudioVersion = 10.0.40219.1
Project("{FAE04EC0-301F-11D3-BF4B-00C04F79EFBC}") = "YOUTUBE_MIGUEL", "YOUTUBE_MIGUEL.csproj", "{A496FF91-CFA2-47C2-8FD5-DFF22D7573FE}"
EndProject
Global
	GlobalSection(SolutionConfigurationPlatforms) = preSolution
		Debug|Any CPU = Debug|Any CPU
		Release|Any CPU = Release|Any CPU
	EndGlobalSection
	GlobalSection(ProjectConfigurationPlatforms) = postSolution
		{A496FF91-CFA2-47C2-8FD5-DFF22D7573FE}.Debug|Any CPU.ActiveCfg = Debug|Any CPU
		{A496FF91-CFA2-47C2-8FD5-DFF22D7573FE}.Debug|Any CPU.Build.0 = Debug|Any CPU
		{A496FF91-CFA2-47C2-8FD5-DFF22D7573FE}.Release|Any CPU.ActiveCfg = Release|Any CPU
		{A496FF91-CFA2-47C2-8FD5-DFF22D7573FE}.Release|Any CPU.Build.0 = Release|Any CPU
	EndGlobalSection
	GlobalSection(SolutionProperties) = preSolution
		HideSolutionNode = FALSE
	EndGlobalSection
	GlobalSection(ExtensibilityGlobals) = postSolution
		SolutionGuid = {46838B77-1CAB-4666-AD1A-E985F48CF9D9}
	EndGlobalSection
EndGlobal
